
Microsoft Visual Studio Solution File, Format Version 12.00
# Visual Studio Version 17
VisualStudioVersion = 17.5.33516.290
MinimumVisualStudioVersion = 10.0.40219.1
Project("{FAE04EC0-301F-11D3-BF4B-00C04F79EFBC}") = "Giua_ki_02", "Giua_ki_02.csproj", "{4C9EFFEF-8E93-40D2-BEFC-0355CB26D890}"
EndProject
Global
	GlobalSection(SolutionConfigurationPlatforms) = preSolution
		Debug|Any CPU = Debug|Any CPU
		Release|Any CPU = Release|Any CPU
	EndGlobalSection
	GlobalSection(ProjectConfigurationPlatforms) = postSolution
		{4C9EFFEF-8E93-40D2-BEFC-0355CB26D890}.Debug|Any CPU.ActiveCfg = Debug|Any CPU
		{4C9EFFEF-8E93-40D2-BEFC-0355CB26D890}.Debug|Any CPU.Build.0 = Debug|Any CPU
		{4C9EFFEF-8E93-40D2-BEFC-0355CB26D890}.Release|Any CPU.ActiveCfg = Release|Any CPU
		{4C9EFFEF-8E93-40D2-BEFC-0355CB26D890}.Release|Any CPU.Build.0 = Release|Any CPU
	EndGlobalSection
	GlobalSection(SolutionProperties) = preSolution
		HideSolutionNode = FALSE
	EndGlobalSection
	GlobalSection(ExtensibilityGlobals) = postSolution
		SolutionGuid = {06C0E971-5A4D-4D98-905F-0DC0BA785DE2}
	EndGlobalSection
EndGlobal
