
Microsoft Visual Studio Solution File, Format Version 12.00
# Visual Studio Version 17
VisualStudioVersion = 17.5.33516.290
MinimumVisualStudioVersion = 10.0.40219.1
Project("{FAE04EC0-301F-11D3-BF4B-00C04F79EFBC}") = "C#buoi2", "C#buoi2.csproj", "{1EC28436-2C04-4F52-8207-14DAF94E2082}"
EndProject
Global
	GlobalSection(SolutionConfigurationPlatforms) = preSolution
		Debug|Any CPU = Debug|Any CPU
		Release|Any CPU = Release|Any CPU
	EndGlobalSection
	GlobalSection(ProjectConfigurationPlatforms) = postSolution
		{1EC28436-2C04-4F52-8207-14DAF94E2082}.Debug|Any CPU.ActiveCfg = Debug|Any CPU
		{1EC28436-2C04-4F52-8207-14DAF94E2082}.Debug|Any CPU.Build.0 = Debug|Any CPU
		{1EC28436-2C04-4F52-8207-14DAF94E2082}.Release|Any CPU.ActiveCfg = Release|Any CPU
		{1EC28436-2C04-4F52-8207-14DAF94E2082}.Release|Any CPU.Build.0 = Release|Any CPU
	EndGlobalSection
	GlobalSection(SolutionProperties) = preSolution
		HideSolutionNode = FALSE
	EndGlobalSection
	GlobalSection(ExtensibilityGlobals) = postSolution
		SolutionGuid = {11EB48BE-CD19-4A96-8FEF-DC7FFAED7578}
	EndGlobalSection
EndGlobal
