
Microsoft Visual Studio Solution File, Format Version 12.00
# Visual Studio Version 17
VisualStudioVersion = 17.5.33516.290
MinimumVisualStudioVersion = 10.0.40219.1
Project("{FAE04EC0-301F-11D3-BF4B-00C04F79EFBC}") = "Giua_ki_3", "Giua_ki_3.csproj", "{C35F6708-D3A2-4EF5-B861-DFD60416DA44}"
EndProject
Global
	GlobalSection(SolutionConfigurationPlatforms) = preSolution
		Debug|Any CPU = Debug|Any CPU
		Release|Any CPU = Release|Any CPU
	EndGlobalSection
	GlobalSection(ProjectConfigurationPlatforms) = postSolution
		{C35F6708-D3A2-4EF5-B861-DFD60416DA44}.Debug|Any CPU.ActiveCfg = Debug|Any CPU
		{C35F6708-D3A2-4EF5-B861-DFD60416DA44}.Debug|Any CPU.Build.0 = Debug|Any CPU
		{C35F6708-D3A2-4EF5-B861-DFD60416DA44}.Release|Any CPU.ActiveCfg = Release|Any CPU
		{C35F6708-D3A2-4EF5-B861-DFD60416DA44}.Release|Any CPU.Build.0 = Release|Any CPU
	EndGlobalSection
	GlobalSection(SolutionProperties) = preSolution
		HideSolutionNode = FALSE
	EndGlobalSection
	GlobalSection(ExtensibilityGlobals) = postSolution
		SolutionGuid = {327B0328-E855-4532-BF87-545D0191AB71}
	EndGlobalSection
EndGlobal
