
Microsoft Visual Studio Solution File, Format Version 12.00
# Visual Studio Version 17
VisualStudioVersion = 17.5.33516.290
MinimumVisualStudioVersion = 10.0.40219.1
Project("{FAE04EC0-301F-11D3-BF4B-00C04F79EFBC}") = "C#2.1", "C#2.1.csproj", "{3CDC60D6-E6B4-44DD-A16E-734B5BC55605}"
EndProject
Global
	GlobalSection(SolutionConfigurationPlatforms) = preSolution
		Debug|Any CPU = Debug|Any CPU
		Release|Any CPU = Release|Any CPU
	EndGlobalSection
	GlobalSection(ProjectConfigurationPlatforms) = postSolution
		{3CDC60D6-E6B4-44DD-A16E-734B5BC55605}.Debug|Any CPU.ActiveCfg = Debug|Any CPU
		{3CDC60D6-E6B4-44DD-A16E-734B5BC55605}.Debug|Any CPU.Build.0 = Debug|Any CPU
		{3CDC60D6-E6B4-44DD-A16E-734B5BC55605}.Release|Any CPU.ActiveCfg = Release|Any CPU
		{3CDC60D6-E6B4-44DD-A16E-734B5BC55605}.Release|Any CPU.Build.0 = Release|Any CPU
	EndGlobalSection
	GlobalSection(SolutionProperties) = preSolution
		HideSolutionNode = FALSE
	EndGlobalSection
	GlobalSection(ExtensibilityGlobals) = postSolution
		SolutionGuid = {EC1667B9-765F-4928-AE96-AB9E72931640}
	EndGlobalSection
EndGlobal
